
Microsoft Visual Studio Solution File, Format Version 12.00
# Visual Studio Version 17
VisualStudioVersion = 17.10.35004.147
MinimumVisualStudioVersion = 10.0.40219.1
Project("{9A19103F-16F7-4668-BE54-9A1E7A4F7556}") = "MVVRus.AspNetCore.RateLimiting", "MVVRus.AspNetCore.RateLimiting\MVVRus.AspNetCore.RateLimiting.csproj", "{30FBE658-ADED-4E3D-A648-69CADCF3A05B}"
EndProject
Project("{9A19103F-16F7-4668-BE54-9A1E7A4F7556}") = "MVVRus.Extensions.RateLimiting", "MVVRus.Extensions.RateLimiting\MVVRus.Extensions.RateLimiting.csproj", "{EB55C716-D49B-428E-9A69-C1DC99E4DAAD}"
EndProject
Project("{9A19103F-16F7-4668-BE54-9A1E7A4F7556}") = "MVVrus.AspNetCore.ActiveSession.RateLimiting", "MVVrus.AspNetCore.ActiveSession.RateLimiting\MVVrus.AspNetCore.ActiveSession.RateLimiting.csproj", "{F2B0E777-A581-4E8D-81B5-DEEB1C89D9AB}"
EndProject
Project("{9A19103F-16F7-4668-BE54-9A1E7A4F7556}") = "MVVRus.AspNetCore.RateLimiting.Tests", "MVVRus.AspNetCore.RateLimiting.Tests\MVVRus.AspNetCore.RateLimiting.Tests.csproj", "{89A5978E-AB99-4858-A700-979A23541054}"
EndProject
Project("{9A19103F-16F7-4668-BE54-9A1E7A4F7556}") = "MVVRus.Threading.AsyncSynchroPrimitives", "MVVRus.Threading.AsyncSynchroPrimitives\MVVRus.Threading.AsyncSynchroPrimitives.csproj", "{205E6E0F-F7E3-4B46-B83D-6740A18DB0E3}"
EndProject
Project("{9A19103F-16F7-4668-BE54-9A1E7A4F7556}") = "MVVRus.Threading.AsyncSynchroPrimitives.Tests", "MVVRus.Threading.AsyncSynchroPrimitives.Tests\MVVRus.Threading.AsyncSynchroPrimitives.Tests.csproj", "{65BA24BA-EB3D-403A-8BBB-AA9509350BA2}"
EndProject
Global
	GlobalSection(SolutionConfigurationPlatforms) = preSolution
		Debug|Any CPU = Debug|Any CPU
		Release|Any CPU = Release|Any CPU
	EndGlobalSection
	GlobalSection(ProjectConfigurationPlatforms) = postSolution
		{30FBE658-ADED-4E3D-A648-69CADCF3A05B}.Debug|Any CPU.ActiveCfg = Debug|Any CPU
		{30FBE658-ADED-4E3D-A648-69CADCF3A05B}.Debug|Any CPU.Build.0 = Debug|Any CPU
		{30FBE658-ADED-4E3D-A648-69CADCF3A05B}.Release|Any CPU.ActiveCfg = Release|Any CPU
		{30FBE658-ADED-4E3D-A648-69CADCF3A05B}.Release|Any CPU.Build.0 = Release|Any CPU
		{EB55C716-D49B-428E-9A69-C1DC99E4DAAD}.Debug|Any CPU.ActiveCfg = Debug|Any CPU
		{EB55C716-D49B-428E-9A69-C1DC99E4DAAD}.Debug|Any CPU.Build.0 = Debug|Any CPU
		{EB55C716-D49B-428E-9A69-C1DC99E4DAAD}.Release|Any CPU.ActiveCfg = Release|Any CPU
		{EB55C716-D49B-428E-9A69-C1DC99E4DAAD}.Release|Any CPU.Build.0 = Release|Any CPU
		{F2B0E777-A581-4E8D-81B5-DEEB1C89D9AB}.Debug|Any CPU.ActiveCfg = Debug|Any CPU
		{F2B0E777-A581-4E8D-81B5-DEEB1C89D9AB}.Debug|Any CPU.Build.0 = Debug|Any CPU
		{F2B0E777-A581-4E8D-81B5-DEEB1C89D9AB}.Release|Any CPU.ActiveCfg = Release|Any CPU
		{F2B0E777-A581-4E8D-81B5-DEEB1C89D9AB}.Release|Any CPU.Build.0 = Release|Any CPU
		{89A5978E-AB99-4858-A700-979A23541054}.Debug|Any CPU.ActiveCfg = Debug|Any CPU
		{89A5978E-AB99-4858-A700-979A23541054}.Debug|Any CPU.Build.0 = Debug|Any CPU
		{89A5978E-AB99-4858-A700-979A23541054}.Release|Any CPU.ActiveCfg = Release|Any CPU
		{89A5978E-AB99-4858-A700-979A23541054}.Release|Any CPU.Build.0 = Release|Any CPU
		{205E6E0F-F7E3-4B46-B83D-6740A18DB0E3}.Debug|Any CPU.ActiveCfg = Debug|Any CPU
		{205E6E0F-F7E3-4B46-B83D-6740A18DB0E3}.Debug|Any CPU.Build.0 = Debug|Any CPU
		{205E6E0F-F7E3-4B46-B83D-6740A18DB0E3}.Release|Any CPU.ActiveCfg = Release|Any CPU
		{205E6E0F-F7E3-4B46-B83D-6740A18DB0E3}.Release|Any CPU.Build.0 = Release|Any CPU
		{65BA24BA-EB3D-403A-8BBB-AA9509350BA2}.Debug|Any CPU.ActiveCfg = Debug|Any CPU
		{65BA24BA-EB3D-403A-8BBB-AA9509350BA2}.Debug|Any CPU.Build.0 = Debug|Any CPU
		{65BA24BA-EB3D-403A-8BBB-AA9509350BA2}.Release|Any CPU.ActiveCfg = Release|Any CPU
		{65BA24BA-EB3D-403A-8BBB-AA9509350BA2}.Release|Any CPU.Build.0 = Release|Any CPU
	EndGlobalSection
	GlobalSection(SolutionProperties) = preSolution
		HideSolutionNode = FALSE
	EndGlobalSection
	GlobalSection(ExtensibilityGlobals) = postSolution
		SolutionGuid = {FCDA050C-4BDF-4CB3-A397-1874BECA8DAD}
	EndGlobalSection
EndGlobal
